
Microsoft Visual Studio Solution File, Format Version 12.00
# Visual Studio Version 17
VisualStudioVersion = 17.4.33122.133
MinimumVisualStudioVersion = 10.0.40219.1
Project("{FAE04EC0-301F-11D3-BF4B-00C04F79EFBC}") = "VirtualDars.DesignPatterns.Observer", "VirtualDars.DesignPatterns.Observer.csproj", "{BE6D3380-6FB1-4B4A-912E-6BFD014D984E}"
EndProject
Global
	GlobalSection(SolutionConfigurationPlatforms) = preSolution
		Debug|Any CPU = Debug|Any CPU
		Release|Any CPU = Release|Any CPU
	EndGlobalSection
	GlobalSection(ProjectConfigurationPlatforms) = postSolution
		{BE6D3380-6FB1-4B4A-912E-6BFD014D984E}.Debug|Any CPU.ActiveCfg = Debug|Any CPU
		{BE6D3380-6FB1-4B4A-912E-6BFD014D984E}.Debug|Any CPU.Build.0 = Debug|Any CPU
		{BE6D3380-6FB1-4B4A-912E-6BFD014D984E}.Release|Any CPU.ActiveCfg = Release|Any CPU
		{BE6D3380-6FB1-4B4A-912E-6BFD014D984E}.Release|Any CPU.Build.0 = Release|Any CPU
	EndGlobalSection
	GlobalSection(SolutionProperties) = preSolution
		HideSolutionNode = FALSE
	EndGlobalSection
	GlobalSection(ExtensibilityGlobals) = postSolution
		SolutionGuid = {B2E710FB-5BA9-4256-AD7A-02F22FE2D3D4}
	EndGlobalSection
EndGlobal
